
Microsoft Visual Studio Solution File, Format Version 12.00
# Visual Studio Version 16
VisualStudioVersion = 16.0.31229.75
MinimumVisualStudioVersion = 10.0.40219.1
Project("{9A19103F-16F7-4668-BE54-9A1E7A4F7556}") = "OpenCodeDev.NetCms.Shared", "Shared\OpenCodeDev.NetCms.Shared.csproj", "{8F3F126C-F1FE-49EC-AF6D-20743E521E0F}"
EndProject
Project("{9A19103F-16F7-4668-BE54-9A1E7A4F7556}") = "OpenCodeDev.NetCms.Server", "Server\OpenCodeDev.NetCms.Server.csproj", "{15C3BC7C-776B-4D78-99F2-DAC35E7C518A}"
EndProject
Project("{9A19103F-16F7-4668-BE54-9A1E7A4F7556}") = "OpenCodeDev.NetCMS.Client", "Client\OpenCodeDev.NetCMS.Client.csproj", "{3F448044-9593-4E07-A2BC-CFFB3E688381}"
EndProject
Project("{9A19103F-16F7-4668-BE54-9A1E7A4F7556}") = "OpenCodeDev.NetCMS.Admin", "Admin\OpenCodeDev.NetCMS.Admin.csproj", "{32602D84-36F4-4DC1-8F89-465198A65A04}"
EndProject
Project("{9A19103F-16F7-4668-BE54-9A1E7A4F7556}") = "OpenCodeDev.NetCMS.Core.Server", "..\OpenCodeDev.NetCMS.Core\Server\OpenCodeDev.NetCMS.Core.Server.csproj", "{24CFE8B5-4339-4EB7-86B8-93476AC9D204}"
EndProject
Project("{9A19103F-16F7-4668-BE54-9A1E7A4F7556}") = "OpenCodeDev.NetCMS.Core.Shared", "..\OpenCodeDev.NetCMS.Core\Shared\OpenCodeDev.NetCMS.Core.Shared.csproj", "{FCD9A3E9-FB2C-4C07-823B-C2CE17D671CB}"
EndProject
Global
	GlobalSection(SolutionConfigurationPlatforms) = preSolution
		CompileCMS|Any CPU = CompileCMS|Any CPU
		Debug|Any CPU = Debug|Any CPU
		Release|Any CPU = Release|Any CPU
	EndGlobalSection
	GlobalSection(ProjectConfigurationPlatforms) = postSolution
		{8F3F126C-F1FE-49EC-AF6D-20743E521E0F}.CompileCMS|Any CPU.ActiveCfg = CompileCMS|Any CPU
		{8F3F126C-F1FE-49EC-AF6D-20743E521E0F}.Debug|Any CPU.ActiveCfg = Debug|Any CPU
		{8F3F126C-F1FE-49EC-AF6D-20743E521E0F}.Debug|Any CPU.Build.0 = Debug|Any CPU
		{8F3F126C-F1FE-49EC-AF6D-20743E521E0F}.Release|Any CPU.ActiveCfg = Release|Any CPU
		{8F3F126C-F1FE-49EC-AF6D-20743E521E0F}.Release|Any CPU.Build.0 = Release|Any CPU
		{15C3BC7C-776B-4D78-99F2-DAC35E7C518A}.CompileCMS|Any CPU.ActiveCfg = CompileCMS|Any CPU
		{15C3BC7C-776B-4D78-99F2-DAC35E7C518A}.Debug|Any CPU.ActiveCfg = Debug|Any CPU
		{15C3BC7C-776B-4D78-99F2-DAC35E7C518A}.Debug|Any CPU.Build.0 = Debug|Any CPU
		{15C3BC7C-776B-4D78-99F2-DAC35E7C518A}.Release|Any CPU.ActiveCfg = Release|Any CPU
		{15C3BC7C-776B-4D78-99F2-DAC35E7C518A}.Release|Any CPU.Build.0 = Release|Any CPU
		{3F448044-9593-4E07-A2BC-CFFB3E688381}.CompileCMS|Any CPU.ActiveCfg = Debug|Any CPU
		{3F448044-9593-4E07-A2BC-CFFB3E688381}.CompileCMS|Any CPU.Build.0 = Debug|Any CPU
		{3F448044-9593-4E07-A2BC-CFFB3E688381}.Debug|Any CPU.ActiveCfg = Debug|Any CPU
		{3F448044-9593-4E07-A2BC-CFFB3E688381}.Debug|Any CPU.Build.0 = Debug|Any CPU
		{3F448044-9593-4E07-A2BC-CFFB3E688381}.Release|Any CPU.ActiveCfg = Release|Any CPU
		{3F448044-9593-4E07-A2BC-CFFB3E688381}.Release|Any CPU.Build.0 = Release|Any CPU
		{32602D84-36F4-4DC1-8F89-465198A65A04}.CompileCMS|Any CPU.ActiveCfg = Debug|Any CPU
		{32602D84-36F4-4DC1-8F89-465198A65A04}.CompileCMS|Any CPU.Build.0 = Debug|Any CPU
		{32602D84-36F4-4DC1-8F89-465198A65A04}.Debug|Any CPU.ActiveCfg = Debug|Any CPU
		{32602D84-36F4-4DC1-8F89-465198A65A04}.Debug|Any CPU.Build.0 = Debug|Any CPU
		{32602D84-36F4-4DC1-8F89-465198A65A04}.Release|Any CPU.ActiveCfg = Release|Any CPU
		{32602D84-36F4-4DC1-8F89-465198A65A04}.Release|Any CPU.Build.0 = Release|Any CPU
		{24CFE8B5-4339-4EB7-86B8-93476AC9D204}.CompileCMS|Any CPU.ActiveCfg = CompileCMS|Any CPU
		{24CFE8B5-4339-4EB7-86B8-93476AC9D204}.CompileCMS|Any CPU.Build.0 = CompileCMS|Any CPU
		{24CFE8B5-4339-4EB7-86B8-93476AC9D204}.Debug|Any CPU.ActiveCfg = Debug|Any CPU
		{24CFE8B5-4339-4EB7-86B8-93476AC9D204}.Debug|Any CPU.Build.0 = Debug|Any CPU
		{24CFE8B5-4339-4EB7-86B8-93476AC9D204}.Release|Any CPU.ActiveCfg = Release|Any CPU
		{24CFE8B5-4339-4EB7-86B8-93476AC9D204}.Release|Any CPU.Build.0 = Release|Any CPU
		{FCD9A3E9-FB2C-4C07-823B-C2CE17D671CB}.CompileCMS|Any CPU.ActiveCfg = CompileCMS|Any CPU
		{FCD9A3E9-FB2C-4C07-823B-C2CE17D671CB}.CompileCMS|Any CPU.Build.0 = CompileCMS|Any CPU
		{FCD9A3E9-FB2C-4C07-823B-C2CE17D671CB}.Debug|Any CPU.ActiveCfg = Debug|Any CPU
		{FCD9A3E9-FB2C-4C07-823B-C2CE17D671CB}.Debug|Any CPU.Build.0 = Debug|Any CPU
		{FCD9A3E9-FB2C-4C07-823B-C2CE17D671CB}.Release|Any CPU.ActiveCfg = Release|Any CPU
		{FCD9A3E9-FB2C-4C07-823B-C2CE17D671CB}.Release|Any CPU.Build.0 = Release|Any CPU
	EndGlobalSection
	GlobalSection(SolutionProperties) = preSolution
		HideSolutionNode = FALSE
	EndGlobalSection
	GlobalSection(ExtensibilityGlobals) = postSolution
		SolutionGuid = {E2054588-3AB3-4579-93A6-47DEEE0BF52F}
	EndGlobalSection
EndGlobal
